
Microsoft Visual Studio Solution File, Format Version 12.00
# Visual Studio Version 17
VisualStudioVersion = 17.14.36301.6 d17.14
MinimumVisualStudioVersion = 10.0.40219.1
Project("{FAE04EC0-301F-11D3-BF4B-00C04F79EFBC}") = "alfres.html", "alfres.html\alfres.html.csproj", "{0FA897BA-96EC-4CC4-90B9-7E605AC4A30D}"
EndProject
Global
	GlobalSection(SolutionConfigurationPlatforms) = preSolution
		Debug|Any CPU = Debug|Any CPU
		Release|Any CPU = Release|Any CPU
	EndGlobalSection
	GlobalSection(ProjectConfigurationPlatforms) = postSolution
		{0FA897BA-96EC-4CC4-90B9-7E605AC4A30D}.Debug|Any CPU.ActiveCfg = Debug|Any CPU
		{0FA897BA-96EC-4CC4-90B9-7E605AC4A30D}.Debug|Any CPU.Build.0 = Debug|Any CPU
		{0FA897BA-96EC-4CC4-90B9-7E605AC4A30D}.Release|Any CPU.ActiveCfg = Release|Any CPU
		{0FA897BA-96EC-4CC4-90B9-7E605AC4A30D}.Release|Any CPU.Build.0 = Release|Any CPU
	EndGlobalSection
	GlobalSection(SolutionProperties) = preSolution
		HideSolutionNode = FALSE
	EndGlobalSection
	GlobalSection(ExtensibilityGlobals) = postSolution
		SolutionGuid = {D4015009-8C26-487A-A6F7-A5B87626E4D7}
	EndGlobalSection
EndGlobal
